// !$*UTF8*$!
{
	archiveVersion = 1;
	classes = {
	};
	objectVersion = 55;
	objects = {

/* Begin PBXBuildFile section */
		A15DDF0A27628B7F00068A08 /* AppDelegate.swift in Sources */ = {isa = PBXBuildFile; fileRef = A15DDF0927628B7F00068A08 /* AppDelegate.swift */; };
		A15DDF0C27628B7F00068A08 /* art.scnassets in Resources */ = {isa = PBXBuildFile; fileRef = A15DDF0B27628B7F00068A08 /* art.scnassets */; };
		A15DDF0E27628B7F00068A08 /* ViewController.swift in Sources */ = {isa = PBXBuildFile; fileRef = A15DDF0D27628B7F00068A08 /* ViewController.swift */; };
		A15DDF1127628B7F00068A08 /* Main.storyboard in Resources */ = {isa = PBXBuildFile; fileRef = A15DDF0F27628B7F00068A08 /* Main.storyboard */; };
		A15DDF1327628B8000068A08 /* Assets.xcassets in Resources */ = {isa = PBXBuildFile; fileRef = A15DDF1227628B8000068A08 /* Assets.xcassets */; };
		A15DDF1627628B8000068A08 /* LaunchScreen.storyboard in Resources */ = {isa = PBXBuildFile; fileRef = A15DDF1427628B8000068A08 /* LaunchScreen.storyboard */; };
		A15DDF2027628B8000068A08 /* ARKit_PortalTests.swift in Sources */ = {isa = PBXBuildFile; fileRef = A15DDF1F27628B8000068A08 /* ARKit_PortalTests.swift */; };
		A15DDF2A27628B8000068A08 /* ARKit_PortalUITests.swift in Sources */ = {isa = PBXBuildFile; fileRef = A15DDF2927628B8000068A08 /* ARKit_PortalUITests.swift */; };
		A15DDF2C27628B8000068A08 /* ARKit_PortalUITestsLaunchTests.swift in Sources */ = {isa = PBXBuildFile; fileRef = A15DDF2B27628B8000068A08 /* ARKit_PortalUITestsLaunchTests.swift */; };
/* End PBXBuildFile section */

/* Begin PBXContainerItemProxy section */
		A15DDF1C27628B8000068A08 /* PBXContainerItemProxy */ = {
			isa = PBXContainerItemProxy;
			containerPortal = A15DDEFE27628B7F00068A08 /* Project object */;
			proxyType = 1;
			remoteGlobalIDString = A15DDF0527628B7F00068A08;
			remoteInfo = "ARKit Portal";
		};
		A15DDF2627628B8000068A08 /* PBXContainerItemProxy */ = {
			isa = PBXContainerItemProxy;
			containerPortal = A15DDEFE27628B7F00068A08 /* Project object */;
			proxyType = 1;
			remoteGlobalIDString = A15DDF0527628B7F00068A08;
			remoteInfo = "ARKit Portal";
		};
/* End PBXContainerItemProxy section */

/* Begin PBXFileReference section */
		A15DDF0627628B7F00068A08 /* ARKit Portal.app */ = {isa = PBXFileReference; explicitFileType = wrapper.application; includeInIndex = 0; path = "ARKit Portal.app"; sourceTree = BUILT_PRODUCTS_DIR; };
		A15DDF0927628B7F00068A08 /* AppDelegate.swift */ = {isa = PBXFileReference; lastKnownFileType = sourcecode.swift; path = AppDelegate.swift; sourceTree = "<group>"; };
		A15DDF0B27628B7F00068A08 /* art.scnassets */ = {isa = PBXFileReference; lastKnownFileType = wrapper.scnassets; path = art.scnassets; sourceTree = "<group>"; };
		A15DDF0D27628B7F00068A08 /* ViewController.swift */ = {isa = PBXFileReference; lastKnownFileType = sourcecode.swift; path = ViewController.swift; sourceTree = "<group>"; };
		A15DDF1027628B7F00068A08 /* Base */ = {isa = PBXFileReference; lastKnownFileType = file.storyboard; name = Base; path = Base.lproj/Main.storyboard; sourceTree = "<group>"; };
		A15DDF1227628B8000068A08 /* Assets.xcassets */ = {isa = PBXFileReference; lastKnownFileType = folder.assetcatalog; path = Assets.xcassets; sourceTree = "<group>"; };
		A15DDF1527628B8000068A08 /* Base */ = {isa = PBXFileReference; lastKnownFileType = file.storyboard; name = Base; path = Base.lproj/LaunchScreen.storyboard; sourceTree = "<group>"; };
		A15DDF1B27628B8000068A08 /* ARKit PortalTests.xctest */ = {isa = PBXFileReference; explicitFileType = wrapper.cfbundle; includeInIndex = 0; path = "ARKit PortalTests.xctest"; sourceTree = BUILT_PRODUCTS_DIR; };
		A15DDF1F27628B8000068A08 /* ARKit_PortalTests.swift */ = {isa = PBXFileReference; lastKnownFileType = sourcecode.swift; path = ARKit_PortalTests.swift; sourceTree = "<group>"; };
		A15DDF2527628B8000068A08 /* ARKit PortalUITests.xctest */ = {isa = PBXFileReference; explicitFileType = wrapper.cfbundle; includeInIndex = 0; path = "ARKit PortalUITests.xctest"; sourceTree = BUILT_PRODUCTS_DIR; };
		A15DDF2927628B8000068A08 /* ARKit_PortalUITests.swift */ = {isa = PBXFileReference; lastKnownFileType = sourcecode.swift; path = ARKit_PortalUITests.swift; sourceTree = "<group>"; };
		A15DDF2B27628B8000068A08 /* ARKit_PortalUITestsLaunchTests.swift */ = {isa = PBXFileReference; lastKnownFileType = sourcecode.swift; path = ARKit_PortalUITestsLaunchTests.swift; sourceTree = "<group>"; };
/* End PBXFileReference section */

/* Begin PBXFrameworksBuildPhase section */
		A15DDF0327628B7F00068A08 /* Frameworks */ = {
			isa = PBXFrameworksBuildPhase;
			buildActionMask = 2147483647;
			files = (
			);
			runOnlyForDeploymentPostprocessing = 0;
		};
		A15DDF1827628B8000068A08 /* Frameworks */ = {
			isa = PBXFrameworksBuildPhase;
			buildActionMask = 2147483647;
			files = (
			);
			runOnlyForDeploymentPostprocessing = 0;
		};
		A15DDF2227628B8000068A08 /* Frameworks */ = {
			isa = PBXFrameworksBuildPhase;
			buildActionMask = 2147483647;
			files = (
			);
			runOnlyForDeploymentPostprocessing = 0;
		};
/* End PBXFrameworksBuildPhase section */

/* Begin PBXGroup section */
		A15DDEFD27628B7F00068A08 = {
			isa = PBXGroup;
			children = (
				A15DDF0827628B7F00068A08 /* ARKit Portal */,
				A15DDF1E27628B8000068A08 /* ARKit PortalTests */,
				A15DDF2827628B8000068A08 /* ARKit PortalUITests */,
				A15DDF0727628B7F00068A08 /* Products */,
			);
			sourceTree = "<group>";
		};
		A15DDF0727628B7F00068A08 /* Products */ = {
			isa = PBXGroup;
			children = (
				A15DDF0627628B7F00068A08 /* ARKit Portal.app */,
				A15DDF1B27628B8000068A08 /* ARKit PortalTests.xctest */,
				A15DDF2527628B8000068A08 /* ARKit PortalUITests.xctest */,
			);
			name = Products;
			sourceTree = "<group>";
		};
		A15DDF0827628B7F00068A08 /* ARKit Portal */ = {
			isa = PBXGroup;
			children = (
				A15DDF0927628B7F00068A08 /* AppDelegate.swift */,
				A15DDF0B27628B7F00068A08 /* art.scnassets */,
				A15DDF0D27628B7F00068A08 /* ViewController.swift */,
				A15DDF0F27628B7F00068A08 /* Main.storyboard */,
				A15DDF1227628B8000068A08 /* Assets.xcassets */,
				A15DDF1427628B8000068A08 /* LaunchScreen.storyboard */,
			);
			path = "ARKit Portal";
			sourceTree = "<group>";
		};
		A15DDF1E27628B8000068A08 /* ARKit PortalTests */ = {
			isa = PBXGroup;
			children = (
				A15DDF1F27628B8000068A08 /* ARKit_PortalTests.swift */,
			);
			path = "ARKit PortalTests";
			sourceTree = "<group>";
		};
		A15DDF2827628B8000068A08 /* ARKit PortalUITests */ = {
			isa = PBXGroup;
			children = (
				A15DDF2927628B8000068A08 /* ARKit_PortalUITests.swift */,
				A15DDF2B27628B8000068A08 /* ARKit_PortalUITestsLaunchTests.swift */,
			);
			path = "ARKit PortalUITests";
			sourceTree = "<group>";
		};
/* End PBXGroup section */

/* Begin PBXNativeTarget section */
		A15DDF0527628B7F00068A08 /* ARKit Portal */ = {
			isa = PBXNativeTarget;
			buildConfigurationList = A15DDF2F27628B8000068A08 /* Build configuration list for PBXNativeTarget "ARKit Portal" */;
			buildPhases = (
				A15DDF0227628B7F00068A08 /* Sources */,
				A15DDF0327628B7F00068A08 /* Frameworks */,
				A15DDF0427628B7F00068A08 /* Resources */,
			);
			buildRules = (
			);
			dependencies = (
			);
			name = "ARKit Portal";
			productName = "ARKit Portal";
			productReference = A15DDF0627628B7F00068A08 /* ARKit Portal.app */;
			productType = "com.apple.product-type.application";
		};
		A15DDF1A27628B8000068A08 /* ARKit PortalTests */ = {
			isa = PBXNativeTarget;
			buildConfigurationList = A15DDF3227628B8000068A08 /* Build configuration list for PBXNativeTarget "ARKit PortalTests" */;
			buildPhases = (
				A15DDF1727628B8000068A08 /* Sources */,
				A15DDF1827628B8000068A08 /* Frameworks */,
				A15DDF1927628B8000068A08 /* Resources */,
			);
			buildRules = (
			);
			dependencies = (
				A15DDF1D27628B8000068A08 /* PBXTargetDependency */,
			);
			name = "ARKit PortalTests";
			productName = "ARKit PortalTests";
			productReference = A15DDF1B27628B8000068A08 /* ARKit PortalTests.xctest */;
			productType = "com.apple.product-type.bundle.unit-test";
		};
		A15DDF2427628B8000068A08 /* ARKit PortalUITests */ = {
			isa = PBXNativeTarget;
			buildConfigurationList = A15DDF3527628B8000068A08 /* Build configuration list for PBXNativeTarget "ARKit PortalUITests" */;
			buildPhases = (
				A15DDF2127628B8000068A08 /* Sources */,
				A15DDF2227628B8000068A08 /* Frameworks */,
				A15DDF2327628B8000068A08 /* Resources */,
			);
			buildRules = (
			);
			dependencies = (
				A15DDF2727628B8000068A08 /* PBXTargetDependency */,
			);
			name = "ARKit PortalUITests";
			productName = "ARKit PortalUITests";
			productReference = A15DDF2527628B8000068A08 /* ARKit PortalUITests.xctest */;
			productType = "com.apple.product-type.bundle.ui-testing";
		};
/* End PBXNativeTarget section */

/* Begin PBXProject section */
		A15DDEFE27628B7F00068A08 /* Project object */ = {
			isa = PBXProject;
			attributes = {
				BuildIndependentTargetsInParallel = 1;
				LastSwiftUpdateCheck = 1310;
				LastUpgradeCheck = 1310;
				TargetAttributes = {
					A15DDF0527628B7F00068A08 = {
						CreatedOnToolsVersion = 13.1;
					};
					A15DDF1A27628B8000068A08 = {
						CreatedOnToolsVersion = 13.1;
						TestTargetID = A15DDF0527628B7F00068A08;
					};
					A15DDF2427628B8000068A08 = {
						CreatedOnToolsVersion = 13.1;
						TestTargetID = A15DDF0527628B7F00068A08;
					};
				};
			};
			buildConfigurationList = A15DDF0127628B7F00068A08 /* Build configuration list for PBXProject "ARKit Portal" */;
			compatibilityVersion = "Xcode 13.0";
			developmentRegion = en;
			hasScannedForEncodings = 0;
			knownRegions = (
				en,
				Base,
			);
			mainGroup = A15DDEFD27628B7F00068A08;
			productRefGroup = A15DDF0727628B7F00068A08 /* Products */;
			projectDirPath = "";
			projectRoot = "";
			targets = (
				A15DDF0527628B7F00068A08 /* ARKit Portal */,
				A15DDF1A27628B8000068A08 /* ARKit PortalTests */,
				A15DDF2427628B8000068A08 /* ARKit PortalUITests */,
			);
		};
/* End PBXProject section */

/* Begin PBXResourcesBuildPhase section */
		A15DDF0427628B7F00068A08 /* Resources */ = {
			isa = PBXResourcesBuildPhase;
			buildActionMask = 2147483647;
			files = (
				A15DDF0C27628B7F00068A08 /* art.scnassets in Resources */,
				A15DDF1627628B8000068A08 /* LaunchScreen.storyboard in Resources */,
				A15DDF1327628B8000068A08 /* Assets.xcassets in Resources */,
				A15DDF1127628B7F00068A08 /* Main.storyboard in Resources */,
			);
			runOnlyForDeploymentPostprocessing = 0;
		};
		A15DDF1927628B8000068A08 /* Resources */ = {
			isa = PBXResourcesBuildPhase;
			buildActionMask = 2147483647;
			files = (
			);
			runOnlyForDeploymentPostprocessing = 0;
		};
		A15DDF2327628B8000068A08 /* Resources */ = {
			isa = PBXResourcesBuildPhase;
			buildActionMask = 2147483647;
			files = (
			);
			runOnlyForDeploymentPostprocessing = 0;
		};
/* End PBXResourcesBuildPhase section */

/* Begin PBXSourcesBuildPhase section */
		A15DDF0227628B7F00068A08 /* Sources */ = {
			isa = PBXSourcesBuildPhase;
			buildActionMask = 2147483647;
			files = (
				A15DDF0E27628B7F00068A08 /* ViewController.swift in Sources */,
				A15DDF0A27628B7F00068A08 /* AppDelegate.swift in Sources */,
			);
			runOnlyForDeploymentPostprocessing = 0;
		};
		A15DDF1727628B8000068A08 /* Sources */ = {
			isa = PBXSourcesBuildPhase;
			buildActionMask = 2147483647;
			files = (
				A15DDF2027628B8000068A08 /* ARKit_PortalTests.swift in Sources */,
			);
			runOnlyForDeploymentPostprocessing = 0;
		};
		A15DDF2127628B8000068A08 /* Sources */ = {
			isa = PBXSourcesBuildPhase;
			buildActionMask = 2147483647;
			files = (
				A15DDF2C27628B8000068A08 /* ARKit_PortalUITestsLaunchTests.swift in Sources */,
				A15DDF2A27628B8000068A08 /* ARKit_PortalUITests.swift in Sources */,
			);
			runOnlyForDeploymentPostprocessing = 0;
		};
/* End PBXSourcesBuildPhase section */

/* Begin PBXTargetDependency section */
		A15DDF1D27628B8000068A08 /* PBXTargetDependency */ = {
			isa = PBXTargetDependency;
			target = A15DDF0527628B7F00068A08 /* ARKit Portal */;
			targetProxy = A15DDF1C27628B8000068A08 /* PBXContainerItemProxy */;
		};
		A15DDF2727628B8000068A08 /* PBXTargetDependency */ = {
			isa = PBXTargetDependency;
			target = A15DDF0527628B7F00068A08 /* ARKit Portal */;
			targetProxy = A15DDF2627628B8000068A08 /* PBXContainerItemProxy */;
		};
/* End PBXTargetDependency section */

/* Begin PBXVariantGroup section */
		A15DDF0F27628B7F00068A08 /* Main.storyboard */ = {
			isa = PBXVariantGroup;
			children = (
				A15DDF1027628B7F00068A08 /* Base */,
			);
			name = Main.storyboard;
			sourceTree = "<group>";
		};
		A15DDF1427628B8000068A08 /* LaunchScreen.storyboard */ = {
			isa = PBXVariantGroup;
			children = (
				A15DDF1527628B8000068A08 /* Base */,
			);
			name = LaunchScreen.storyboard;
			sourceTree = "<group>";
		};
/* End PBXVariantGroup section */

/* Begin XCBuildConfiguration section */
		A15DDF2D27628B8000068A08 /* Debug */ = {
			isa = XCBuildConfiguration;
			buildSettings = {
				ALWAYS_SEARCH_USER_PATHS = NO;
				CLANG_ANALYZER_NONNULL = YES;
				CLANG_ANALYZER_NUMBER_OBJECT_CONVERSION = YES_AGGRESSIVE;
				CLANG_CXX_LANGUAGE_STANDARD = "gnu++17";
				CLANG_CXX_LIBRARY = "libc++";
				CLANG_ENABLE_MODULES = YES;
				CLANG_ENABLE_OBJC_ARC = YES;
				CLANG_ENABLE_OBJC_WEAK = YES;
				CLANG_WARN_BLOCK_CAPTURE_AUTORELEASING = YES;
				CLANG_WARN_BOOL_CONVERSION = YES;
				CLANG_WARN_COMMA = YES;
				CLANG_WARN_CONSTANT_CONVERSION = YES;
				CLANG_WARN_DEPRECATED_OBJC_IMPLEMENTATIONS = YES;
				CLANG_WARN_DIRECT_OBJC_ISA_USAGE = YES_ERROR;
				CLANG_WARN_DOCUMENTATION_COMMENTS = YES;
				CLANG_WARN_EMPTY_BODY = YES;
				CLANG_WARN_ENUM_CONVERSION = YES;
				CLANG_WARN_INFINITE_RECURSION = YES;
				CLANG_WARN_INT_CONVERSION = YES;
				CLANG_WARN_NON_LITERAL_NULL_CONVERSION = YES;
				CLANG_WARN_OBJC_IMPLICIT_RETAIN_SELF = YES;
				CLANG_WARN_OBJC_LITERAL_CONVERSION = YES;
				CLANG_WARN_OBJC_ROOT_CLASS = YES_ERROR;
				CLANG_WARN_QUOTED_INCLUDE_IN_FRAMEWORK_HEADER = YES;
				CLANG_WARN_RANGE_LOOP_ANALYSIS = YES;
				CLANG_WARN_STRICT_PROTOTYPES = YES;
				CLANG_WARN_SUSPICIOUS_MOVE = YES;
				CLANG_WARN_UNGUARDED_AVAILABILITY = YES_AGGRESSIVE;
				CLANG_WARN_UNREACHABLE_CODE = YES;
				CLANG_WARN__DUPLICATE_METHOD_MATCH = YES;
				COPY_PHASE_STRIP = NO;
				DEBUG_INFORMATION_FORMAT = dwarf;
				ENABLE_STRICT_OBJC_MSGSEND = YES;
				ENABLE_TESTABILITY = YES;
				GCC_C_LANGUAGE_STANDARD = gnu11;
				GCC_DYNAMIC_NO_PIC = NO;
				GCC_NO_COMMON_BLOCKS = YES;
				GCC_OPTIMIZATION_LEVEL = 0;
				GCC_PREPROCESSOR_DEFINITIONS = (
					"DEBUG=1",
					"$(inherited)",
				);
				GCC_WARN_64_TO_32_BIT_CONVERSION = YES;
				GCC_WARN_ABOUT_RETURN_TYPE = YES_ERROR;
				GCC_WARN_UNDECLARED_SELECTOR = YES;
				GCC_WARN_UNINITIALIZED_AUTOS = YES_AGGRESSIVE;
				GCC_WARN_UNUSED_FUNCTION = YES;
				GCC_WARN_UNUSED_VARIABLE = YES;
				IPHONEOS_DEPLOYMENT_TARGET = 15.0;
				MTL_ENABLE_DEBUG_INFO = INCLUDE_SOURCE;
				MTL_FAST_MATH = YES;
				ONLY_ACTIVE_ARCH = YES;
				SDKROOT = iphoneos;
				SWIFT_ACTIVE_COMPILATION_CONDITIONS = DEBUG;
				SWIFT_OPTIMIZATION_LEVEL = "-Onone";
			};
			name = Debug;
		};
		A15DDF2E27628B8000068A08 /* Release */ = {
			isa = XCBuildConfiguration;
			buildSettings = {
				ALWAYS_SEARCH_USER_PATHS = NO;
				CLANG_ANALYZER_NONNULL = YES;
				CLANG_ANALYZER_NUMBER_OBJECT_CONVERSION = YES_AGGRESSIVE;
				CLANG_CXX_LANGUAGE_STANDARD = "gnu++17";
				CLANG_CXX_LIBRARY = "libc++";
				CLANG_ENABLE_MODULES = YES;
				CLANG_ENABLE_OBJC_ARC = YES;
				CLANG_ENABLE_OBJC_WEAK = YES;
				CLANG_WARN_BLOCK_CAPTURE_AUTORELEASING = YES;
				CLANG_WARN_BOOL_CONVERSION = YES;
				CLANG_WARN_COMMA = YES;
				CLANG_WARN_CONSTANT_CONVERSION = YES;
				CLANG_WARN_DEPRECATED_OBJC_IMPLEMENTATIONS = YES;
				CLANG_WARN_DIRECT_OBJC_ISA_USAGE = YES_ERROR;
				CLANG_WARN_DOCUMENTATION_COMMENTS = YES;
				CLANG_WARN_EMPTY_BODY = YES;
				CLANG_WARN_ENUM_CONVERSION = YES;
				CLANG_WARN_INFINITE_RECURSION = YES;
				CLANG_WARN_INT_CONVERSION = YES;
				CLANG_WARN_NON_LITERAL_NULL_CONVERSION = YES;
				CLANG_WARN_OBJC_IMPLICIT_RETAIN_SELF = YES;
				CLANG_WARN_OBJC_LITERAL_CONVERSION = YES;
				CLANG_WARN_OBJC_ROOT_CLASS = YES_ERROR;
				CLANG_WARN_QUOTED_INCLUDE_IN_FRAMEWORK_HEADER = YES;
				CLANG_WARN_RANGE_LOOP_ANALYSIS = YES;
				CLANG_WARN_STRICT_PROTOTYPES = YES;
				CLANG_WARN_SUSPICIOUS_MOVE = YES;
				CLANG_WARN_UNGUARDED_AVAILABILITY = YES_AGGRESSIVE;
				CLANG_WARN_UNREACHABLE_CODE = YES;
				CLANG_WARN__DUPLICATE_METHOD_MATCH = YES;
				COPY_PHASE_STRIP = NO;
				DEBUG_INFORMATION_FORMAT = "dwarf-with-dsym";
				ENABLE_NS_ASSERTIONS = NO;
				ENABLE_STRICT_OBJC_MSGSEND = YES;
				GCC_C_LANGUAGE_STANDARD = gnu11;
				GCC_NO_COMMON_BLOCKS = YES;
				GCC_WARN_64_TO_32_BIT_CONVERSION = YES;
				GCC_WARN_ABOUT_RETURN_TYPE = YES_ERROR;
				GCC_WARN_UNDECLARED_SELECTOR = YES;
				GCC_WARN_UNINITIALIZED_AUTOS = YES_AGGRESSIVE;
				GCC_WARN_UNUSED_FUNCTION = YES;
				GCC_WARN_UNUSED_VARIABLE = YES;
				IPHONEOS_DEPLOYMENT_TARGET = 15.0;
				MTL_ENABLE_DEBUG_INFO = NO;
				MTL_FAST_MATH = YES;
				SDKROOT = iphoneos;
				SWIFT_COMPILATION_MODE = wholemodule;
				SWIFT_OPTIMIZATION_LEVEL = "-O";
				VALIDATE_PRODUCT = YES;
			};
			name = Release;
		};
		A15DDF3027628B8000068A08 /* Debug */ = {
			isa = XCBuildConfiguration;
			buildSettings = {
				ASSETCATALOG_COMPILER_APPICON_NAME = AppIcon;
				ASSETCATALOG_COMPILER_GLOBAL_ACCENT_COLOR_NAME = AccentColor;
				CODE_SIGN_STYLE = Automatic;
				CURRENT_PROJECT_VERSION = 1;
				GENERATE_INFOPLIST_FILE = YES;
				INFOPLIST_KEY_NSCameraUsageDescription = "";
				INFOPLIST_KEY_UIApplicationSupportsIndirectInputEvents = YES;
				INFOPLIST_KEY_UILaunchStoryboardName = LaunchScreen;
				INFOPLIST_KEY_UIMainStoryboardFile = Main;
				INFOPLIST_KEY_UIRequiredDeviceCapabilities = arkit;
				INFOPLIST_KEY_UIStatusBarHidden = YES;
				INFOPLIST_KEY_UISupportedInterfaceOrientations_iPad = "UIInterfaceOrientationPortrait UIInterfaceOrientationPortraitUpsideDown UIInterfaceOrientationLandscapeLeft UIInterfaceOrientationLandscapeRight";
				INFOPLIST_KEY_UISupportedInterfaceOrientations_iPhone = "UIInterfaceOrientationPortrait UIInterfaceOrientationLandscapeLeft UIInterfaceOrientationLandscapeRight";
				LD_RUNPATH_SEARCH_PATHS = (
					"$(inherited)",
					"@executable_path/Frameworks",
				);
				MARKETING_VERSION = 1.0;
				PRODUCT_BUNDLE_IDENTIFIER = "rakhimovkamran.ARKit-Portal";
				PRODUCT_NAME = "$(TARGET_NAME)";
				SWIFT_EMIT_LOC_STRINGS = YES;
				SWIFT_VERSION = 5.0;
				TARGETED_DEVICE_FAMILY = "1,2";
			};
			name = Debug;
		};
		A15DDF3127628B8000068A08 /* Release */ = {
			isa = XCBuildConfiguration;
			buildSettings = {
				ASSETCATALOG_COMPILER_APPICON_NAME = AppIcon;
				ASSETCATALOG_COMPILER_GLOBAL_ACCENT_COLOR_NAME = AccentColor;
				CODE_SIGN_STYLE = Automatic;
				CURRENT_PROJECT_VERSION = 1;
				GENERATE_INFOPLIST_FILE = YES;
				INFOPLIST_KEY_NSCameraUsageDescription = "";
				INFOPLIST_KEY_UIApplicationSupportsIndirectInputEvents = YES;
				INFOPLIST_KEY_UILaunchStoryboardName = LaunchScreen;
				INFOPLIST_KEY_UIMainStoryboardFile = Main;
				INFOPLIST_KEY_UIRequiredDeviceCapabilities = arkit;
				INFOPLIST_KEY_UIStatusBarHidden = YES;
				INFOPLIST_KEY_UISupportedInterfaceOrientations_iPad = "UIInterfaceOrientationPortrait UIInterfaceOrientationPortraitUpsideDown UIInterfaceOrientationLandscapeLeft UIInterfaceOrientationLandscapeRight";
				INFOPLIST_KEY_UISupportedInterfaceOrientations_iPhone = "UIInterfaceOrientationPortrait UIInterfaceOrientationLandscapeLeft UIInterfaceOrientationLandscapeRight";
				LD_RUNPATH_SEARCH_PATHS = (
					"$(inherited)",
					"@executable_path/Frameworks",
				);
				MARKETING_VERSION = 1.0;
				PRODUCT_BUNDLE_IDENTIFIER = "rakhimovkamran.ARKit-Portal";
				PRODUCT_NAME = "$(TARGET_NAME)";
				SWIFT_EMIT_LOC_STRINGS = YES;
				SWIFT_VERSION = 5.0;
				TARGETED_DEVICE_FAMILY = "1,2";
			};
			name = Release;
		};
		A15DDF3327628B8000068A08 /* Debug */ = {
			isa = XCBuildConfiguration;
			buildSettings = {
				ALWAYS_EMBED_SWIFT_STANDARD_LIBRARIES = YES;
				BUNDLE_LOADER = "$(TEST_HOST)";
				CODE_SIGN_STYLE = Automatic;
				CURRENT_PROJECT_VERSION = 1;
				GENERATE_INFOPLIST_FILE = YES;
				IPHONEOS_DEPLOYMENT_TARGET = 15.0;
				LD_RUNPATH_SEARCH_PATHS = (
					"$(inherited)",
					"@executable_path/Frameworks",
					"@loader_path/Frameworks",
				);
				MARKETING_VERSION = 1.0;
				PRODUCT_BUNDLE_IDENTIFIER = "rakhimovkamran.ARKit-PortalTests";
				PRODUCT_NAME = "$(TARGET_NAME)";
				SWIFT_EMIT_LOC_STRINGS = NO;
				SWIFT_VERSION = 5.0;
				TARGETED_DEVICE_FAMILY = "1,2";
				TEST_HOST = "$(BUILT_PRODUCTS_DIR)/ARKit Portal.app/ARKit Portal";
			};
			name = Debug;
		};
		A15DDF3427628B8000068A08 /* Release */ = {
			isa = XCBuildConfiguration;
			buildSettings = {
				ALWAYS_EMBED_SWIFT_STANDARD_LIBRARIES = YES;
				BUNDLE_LOADER = "$(TEST_HOST)";
				CODE_SIGN_STYLE = Automatic;
				CURRENT_PROJECT_VERSION = 1;
				GENERATE_INFOPLIST_FILE = YES;
				IPHONEOS_DEPLOYMENT_TARGET = 15.0;
				LD_RUNPATH_SEARCH_PATHS = (
					"$(inherited)",
					"@executable_path/Frameworks",
					"@loader_path/Frameworks",
				);
				MARKETING_VERSION = 1.0;
				PRODUCT_BUNDLE_IDENTIFIER = "rakhimovkamran.ARKit-PortalTests";
				PRODUCT_NAME = "$(TARGET_NAME)";
				SWIFT_EMIT_LOC_STRINGS = NO;
				SWIFT_VERSION = 5.0;
				TARGETED_DEVICE_FAMILY = "1,2";
				TEST_HOST = "$(BUILT_PRODUCTS_DIR)/ARKit Portal.app/ARKit Portal";
			};
			name = Release;
		};
		A15DDF3627628B8000068A08 /* Debug */ = {
			isa = XCBuildConfiguration;
			buildSettings = {
				ALWAYS_EMBED_SWIFT_STANDARD_LIBRARIES = YES;
				CODE_SIGN_STYLE = Automatic;
				CURRENT_PROJECT_VERSION = 1;
				GENERATE_INFOPLIST_FILE = YES;
				LD_RUNPATH_SEARCH_PATHS = (
					"$(inherited)",
					"@executable_path/Frameworks",
					"@loader_path/Frameworks",
				);
				MARKETING_VERSION = 1.0;
				PRODUCT_BUNDLE_IDENTIFIER = "rakhimovkamran.ARKit-PortalUITests";
				PRODUCT_NAME = "$(TARGET_NAME)";
				SWIFT_EMIT_LOC_STRINGS = NO;
				SWIFT_VERSION = 5.0;
				TARGETED_DEVICE_FAMILY = "1,2";
				TEST_TARGET_NAME = "ARKit Portal";
			};
			name = Debug;
		};
		A15DDF3727628B8000068A08 /* Release */ = {
			isa = XCBuildConfiguration;
			buildSettings = {
				ALWAYS_EMBED_SWIFT_STANDARD_LIBRARIES = YES;
				CODE_SIGN_STYLE = Automatic;
				CURRENT_PROJECT_VERSION = 1;
				GENERATE_INFOPLIST_FILE = YES;
				LD_RUNPATH_SEARCH_PATHS = (
					"$(inherited)",
					"@executable_path/Frameworks",
					"@loader_path/Frameworks",
				);
				MARKETING_VERSION = 1.0;
				PRODUCT_BUNDLE_IDENTIFIER = "rakhimovkamran.ARKit-PortalUITests";
				PRODUCT_NAME = "$(TARGET_NAME)";
				SWIFT_EMIT_LOC_STRINGS = NO;
				SWIFT_VERSION = 5.0;
				TARGETED_DEVICE_FAMILY = "1,2";
				TEST_TARGET_NAME = "ARKit Portal";
			};
			name = Release;
		};
/* End XCBuildConfiguration section */

/* Begin XCConfigurationList section */
		A15DDF0127628B7F00068A08 /* Build configuration list for PBXProject "ARKit Portal" */ = {
			isa = XCConfigurationList;
			buildConfigurations = (
				A15DDF2D27628B8000068A08 /* Debug */,
				A15DDF2E27628B8000068A08 /* Release */,
			);
			defaultConfigurationIsVisible = 0;
			defaultConfigurationName = Release;
		};
		A15DDF2F27628B8000068A08 /* Build configuration list for PBXNativeTarget "ARKit Portal" */ = {
			isa = XCConfigurationList;
			buildConfigurations = (
				A15DDF3027628B8000068A08 /* Debug */,
				A15DDF3127628B8000068A08 /* Release */,
			);
			defaultConfigurationIsVisible = 0;
			defaultConfigurationName = Release;
		};
		A15DDF3227628B8000068A08 /* Build configuration list for PBXNativeTarget "ARKit PortalTests" */ = {
			isa = XCConfigurationList;
			buildConfigurations = (
				A15DDF3327628B8000068A08 /* Debug */,
				A15DDF3427628B8000068A08 /* Release */,
			);
			defaultConfigurationIsVisible = 0;
			defaultConfigurationName = Release;
		};
		A15DDF3527628B8000068A08 /* Build configuration list for PBXNativeTarget "ARKit PortalUITests" */ = {
			isa = XCConfigurationList;
			buildConfigurations = (
				A15DDF3627628B8000068A08 /* Debug */,
				A15DDF3727628B8000068A08 /* Release */,
			);
			defaultConfigurationIsVisible = 0;
			defaultConfigurationName = Release;
		};
/* End XCConfigurationList section */
	};
	rootObject = A15DDEFE27628B7F00068A08 /* Project object */;
}
